
Microsoft Visual Studio Solution File, Format Version 12.00
# Visual Studio Version 17
VisualStudioVersion = 17.14.36414.22
MinimumVisualStudioVersion = 10.0.40219.1
Project("{FAE04EC0-301F-11D3-BF4B-00C04F79EFBC}") = "Bokify Grad", "Bokify Grad\Bokify Grad.csproj", "{C03DF398-9A99-4B2C-A321-CB2BBC860C87}"
EndProject
Project("{FAE04EC0-301F-11D3-BF4B-00C04F79EFBC}") = "BokifyGrad.DAL", "BokifyGrad.DAL\BokifyGrad.DAL.csproj", "{A5D47973-F600-481F-9A76-C98F05E037D9}"
EndProject
Project("{FAE04EC0-301F-11D3-BF4B-00C04F79EFBC}") = "BokifyGrad.BLL", "BokifyGrad.BLL\BokifyGrad.BLL.csproj", "{FD3C3F10-E250-40D2-B6E0-7BD49C57243C}"
EndProject
Global
	GlobalSection(SolutionConfigurationPlatforms) = preSolution
		Debug|Any CPU = Debug|Any CPU
		Release|Any CPU = Release|Any CPU
	EndGlobalSection
	GlobalSection(ProjectConfigurationPlatforms) = postSolution
		{C03DF398-9A99-4B2C-A321-CB2BBC860C87}.Debug|Any CPU.ActiveCfg = Debug|Any CPU
		{C03DF398-9A99-4B2C-A321-CB2BBC860C87}.Debug|Any CPU.Build.0 = Debug|Any CPU
		{C03DF398-9A99-4B2C-A321-CB2BBC860C87}.Release|Any CPU.ActiveCfg = Release|Any CPU
		{C03DF398-9A99-4B2C-A321-CB2BBC860C87}.Release|Any CPU.Build.0 = Release|Any CPU
		{A5D47973-F600-481F-9A76-C98F05E037D9}.Debug|Any CPU.ActiveCfg = Debug|Any CPU
		{A5D47973-F600-481F-9A76-C98F05E037D9}.Debug|Any CPU.Build.0 = Debug|Any CPU
		{A5D47973-F600-481F-9A76-C98F05E037D9}.Release|Any CPU.ActiveCfg = Release|Any CPU
		{A5D47973-F600-481F-9A76-C98F05E037D9}.Release|Any CPU.Build.0 = Release|Any CPU
		{FD3C3F10-E250-40D2-B6E0-7BD49C57243C}.Debug|Any CPU.ActiveCfg = Debug|Any CPU
		{FD3C3F10-E250-40D2-B6E0-7BD49C57243C}.Debug|Any CPU.Build.0 = Debug|Any CPU
		{FD3C3F10-E250-40D2-B6E0-7BD49C57243C}.Release|Any CPU.ActiveCfg = Release|Any CPU
		{FD3C3F10-E250-40D2-B6E0-7BD49C57243C}.Release|Any CPU.Build.0 = Release|Any CPU
	EndGlobalSection
	GlobalSection(SolutionProperties) = preSolution
		HideSolutionNode = FALSE
	EndGlobalSection
	GlobalSection(ExtensibilityGlobals) = postSolution
		SolutionGuid = {6D8A28BE-55BB-44A5-B11E-7FF0C63E5CBE}
	EndGlobalSection
EndGlobal
